# This file is automatically @generated by Poetry 1.8.3 and should not be changed by hand.

[[package]]
name = "blinker"
version = "1.9.0"
description = "Fast, simple object-to-object and broadcast signaling"
optional = false
python-versions = ">=3.9"
files = [
    {file = "blinker-1.9.0-py3-none-any.whl", hash = "sha256:ba0efaa9080b619ff2f3459d1d500c57bddea4a6b424b60a91141db6fd2f08bc"},
    {file = "blinker-1.9.0.tar.gz", hash = "sha256:b4ce2265a7abece45e7cc896e98dbebe6cead56bcf805a3d23136d145f5445bf"},
]

[[package]]
name = "cachelib"
version = "0.13.0"
description = "A collection of cache libraries in the same API interface."
optional = false
python-versions = ">=3.8"
files = [
    {file = "cachelib-0.13.0-py3-none-any.whl", hash = "sha256:8c8019e53b6302967d4e8329a504acf75e7bc46130291d30188a6e4e58162516"},
    {file = "cachelib-0.13.0.tar.gz", hash = "sha256:209d8996e3c57595bee274ff97116d1d73c4980b2fd9a34c7846cd07fd2e1a48"},
]

[[package]]
name = "click"
version = "8.1.7"
description = "Composable command line interface toolkit"
optional = false
python-versions = ">=3.7"
files = [
    {file = "click-8.1.7-py3-none-any.whl", hash = "sha256:ae74fb96c20a0277a1d615f1e4d73c8414f5a98db8b799a7931d1582f3390c28"},
    {file = "click-8.1.7.tar.gz", hash = "sha256:ca9853ad459e787e2192211578cc907e7594e294c7ccc834310722b41b9ca6de"},
]

[package.dependencies]
colorama = {version = "*", markers = "platform_system == \"Windows\""}

[[package]]
name = "colorama"
version = "0.4.6"
description = "Cross-platform colored terminal text."
optional = false
python-versions = "!=3.0.*,!=3.1.*,!=3.2.*,!=3.3.*,!=3.4.*,!=3.5.*,!=3.6.*,>=2.7"
files = [
    {file = "colorama-0.4.6-py2.py3-none-any.whl", hash = "sha256:4f1d9991f5acc0ca119f9d443620b77f9d6b33703e51011c16baf57afb285fc6"},
    {file = "colorama-0.4.6.tar.gz", hash = "sha256:08695f5cb7ed6e0531a20572697297273c47b8cae5a63ffc6d6ed5c201be6e44"},
]

[[package]]
name = "ecdsa"
version = "0.19.0"
description = "ECDSA cryptographic signature library (pure python)"
optional = false
python-versions = "!=3.0.*,!=3.1.*,!=3.2.*,!=3.3.*,!=3.4.*,>=2.6"
files = [
    {file = "ecdsa-0.19.0-py2.py3-none-any.whl", hash = "sha256:2cea9b88407fdac7bbeca0833b189e4c9c53f2ef1e1eaa29f6224dbc809b707a"},
    {file = "ecdsa-0.19.0.tar.gz", hash = "sha256:60eaad1199659900dd0af521ed462b793bbdf867432b3948e87416ae4caf6bf8"},
]

[package.dependencies]
six = ">=1.9.0"

[package.extras]
gmpy = ["gmpy"]
gmpy2 = ["gmpy2"]

[[package]]
name = "flask"
version = "3.1.0"
description = "A simple framework for building complex web applications."
optional = false
python-versions = ">=3.9"
files = [
    {file = "flask-3.1.0-py3-none-any.whl", hash = "sha256:d667207822eb83f1c4b50949b1623c8fc8d51f2341d65f72e1a1815397551136"},
    {file = "flask-3.1.0.tar.gz", hash = "sha256:5f873c5184c897c8d9d1b05df1e3d01b14910ce69607a117bd3277098a5836ac"},
]

[package.dependencies]
blinker = ">=1.9"
click = ">=8.1.3"
itsdangerous = ">=2.2"
Jinja2 = ">=3.1.2"
Werkzeug = ">=3.1"

[package.extras]
async = ["asgiref (>=3.2)"]
dotenv = ["python-dotenv"]

[[package]]
name = "flask-cors"
version = "5.0.0"
description = "A Flask extension adding a decorator for CORS support"
optional = false
python-versions = "*"
files = [
    {file = "Flask_Cors-5.0.0-py2.py3-none-any.whl", hash = "sha256:b9e307d082a9261c100d8fb0ba909eec6a228ed1b60a8315fd85f783d61910bc"},
    {file = "flask_cors-5.0.0.tar.gz", hash = "sha256:5aadb4b950c4e93745034594d9f3ea6591f734bb3662e16e255ffbf5e89c88ef"},
]

[package.dependencies]
Flask = ">=0.9"

[[package]]
name = "flask-session"
version = "0.8.0"
description = "Server-side session support for Flask"
optional = false
python-versions = ">=3.8"
files = [
    {file = "flask_session-0.8.0-py3-none-any.whl", hash = "sha256:5dae6e9ddab334f8dc4dea4305af37851f4e7dc0f484caf3351184001195e3b7"},
    {file = "flask_session-0.8.0.tar.gz", hash = "sha256:20e045eb01103694e70be4a49f3a80dbb1b57296a22dc6f44bbf3f83ef0742ff"},
]

[package.dependencies]
cachelib = "*"
flask = ">=2.2"
msgspec = ">=0.18.6"

[package.extras]
all = ["Flask-Session[cachelib,memcached,mongodb,redis,sqlalchemy]"]
cachelib = ["cachelib (>=0.10.2)"]
memcached = ["pymemcache"]
mongodb = ["pymongo (>=4.6.2)"]
redis = ["redis (>=5.0.3)"]
sqlalchemy = ["flask-sqlalchemy (>=3.0.5)"]

[[package]]
name = "itsdangerous"
version = "2.2.0"
description = "Safely pass data to untrusted environments and back."
optional = false
python-versions = ">=3.8"
files = [
    {file = "itsdangerous-2.2.0-py3-none-any.whl", hash = "sha256:c6242fc49e35958c8b15141343aa660db5fc54d4f13a1db01a3f5891b98700ef"},
    {file = "itsdangerous-2.2.0.tar.gz", hash = "sha256:e0050c0b7da1eea53ffaf149c0cfbb5c6e2e2b69c4bef22c81fa6eb73e5f6173"},
]

[[package]]
name = "jinja2"
version = "3.1.4"
description = "A very fast and expressive template engine."
optional = false
python-versions = ">=3.7"
files = [
    {file = "jinja2-3.1.4-py3-none-any.whl", hash = "sha256:bc5dd2abb727a5319567b7a813e6a2e7318c39f4f487cfe6c89c6f9c7d25197d"},
    {file = "jinja2-3.1.4.tar.gz", hash = "sha256:4a3aee7acbbe7303aede8e9648d13b8bf88a429282aa6122a993f0ac800cb369"},
]

[package.dependencies]
MarkupSafe = ">=2.0"

[package.extras]
i18n = ["Babel (>=2.7)"]

[[package]]
name = "markupsafe"
version = "3.0.2"
description = "Safely add untrusted strings to HTML/XML markup."
optional = false
python-versions = ">=3.9"
files = [
    {file = "MarkupSafe-3.0.2-cp310-cp310-macosx_10_9_universal2.whl", hash = "sha256:7e94c425039cde14257288fd61dcfb01963e658efbc0ff54f5306b06054700f8"},
    {file = "MarkupSafe-3.0.2-cp310-cp310-macosx_11_0_arm64.whl", hash = "sha256:9e2d922824181480953426608b81967de705c3cef4d1af983af849d7bd619158"},
    {file = "MarkupSafe-3.0.2-cp310-cp310-manylinux_2_17_aarch64.manylinux2014_aarch64.whl", hash = "sha256:38a9ef736c01fccdd6600705b09dc574584b89bea478200c5fbf112a6b0d5579"},
    {file = "MarkupSafe-3.0.2-cp310-cp310-manylinux_2_17_x86_64.manylinux2014_x86_64.whl", hash = "sha256:bbcb445fa71794da8f178f0f6d66789a28d7319071af7a496d4d507ed566270d"},
    {file = "MarkupSafe-3.0.2-cp310-cp310-manylinux_2_5_i686.manylinux1_i686.manylinux_2_17_i686.manylinux2014_i686.whl", hash = "sha256:57cb5a3cf367aeb1d316576250f65edec5bb3be939e9247ae594b4bcbc317dfb"},
    {file = "MarkupSafe-3.0.2-cp310-cp310-musllinux_1_2_aarch64.whl", hash = "sha256:3809ede931876f5b2ec92eef964286840ed3540dadf803dd570c3b7e13141a3b"},
    {file = "MarkupSafe-3.0.2-cp310-cp310-musllinux_1_2_i686.whl", hash = "sha256:e07c3764494e3776c602c1e78e298937c3315ccc9043ead7e685b7f2b8d47b3c"},
    {file = "MarkupSafe-3.0.2-cp310-cp310-musllinux_1_2_x86_64.whl", hash = "sha256:b424c77b206d63d500bcb69fa55ed8d0e6a3774056bdc4839fc9298a7edca171"},
    {file = "MarkupSafe-3.0.2-cp310-cp310-win32.whl", hash = "sha256:fcabf5ff6eea076f859677f5f0b6b5c1a51e70a376b0579e0eadef8db48c6b50"},
    {file = "MarkupSafe-3.0.2-cp310-cp310-win_amd64.whl", hash = "sha256:6af100e168aa82a50e186c82875a5893c5597a0c1ccdb0d8b40240b1f28b969a"},
    {file = "MarkupSafe-3.0.2-cp311-cp311-macosx_10_9_universal2.whl", hash = "sha256:9025b4018f3a1314059769c7bf15441064b2207cb3f065e6ea1e7359cb46db9d"},
    {file = "MarkupSafe-3.0.2-cp311-cp311-macosx_11_0_arm64.whl", hash = "sha256:93335ca3812df2f366e80509ae119189886b0f3c2b81325d39efdb84a1e2ae93"},
    {file = "MarkupSafe-3.0.2-cp311-cp311-manylinux_2_17_aarch64.manylinux2014_aarch64.whl", hash = "sha256:2cb8438c3cbb25e220c2ab33bb226559e7afb3baec11c4f218ffa7308603c832"},
    {file = "MarkupSafe-3.0.2-cp311-cp311-manylinux_2_17_x86_64.manylinux2014_x86_64.whl", hash = "sha256:a123e330ef0853c6e822384873bef7507557d8e4a082961e1defa947aa59ba84"},
    {file = "MarkupSafe-3.0.2-cp311-cp311-manylinux_2_5_i686.manylinux1_i686.manylinux_2_17_i686.manylinux2014_i686.whl", hash = "sha256:1e084f686b92e5b83186b07e8a17fc09e38fff551f3602b249881fec658d3eca"},
    {file = "MarkupSafe-3.0.2-cp311-cp311-musllinux_1_2_aarch64.whl", hash = "sha256:d8213e09c917a951de9d09ecee036d5c7d36cb6cb7dbaece4c71a60d79fb9798"},
    {file = "MarkupSafe-3.0.2-cp311-cp311-musllinux_1_2_i686.whl", hash = "sha256:5b02fb34468b6aaa40dfc198d813a641e3a63b98c2b05a16b9f80b7ec314185e"},
    {file = "MarkupSafe-3.0.2-cp311-cp311-musllinux_1_2_x86_64.whl", hash = "sha256:0bff5e0ae4ef2e1ae4fdf2dfd5b76c75e5c2fa4132d05fc1b0dabcd20c7e28c4"},
    {file = "MarkupSafe-3.0.2-cp311-cp311-win32.whl", hash = "sha256:6c89876f41da747c8d3677a2b540fb32ef5715f97b66eeb0c6b66f5e3ef6f59d"},
    {file = "MarkupSafe-3.0.2-cp311-cp311-win_amd64.whl", hash = "sha256:70a87b411535ccad5ef2f1df5136506a10775d267e197e4cf531ced10537bd6b"},
    {file = "MarkupSafe-3.0.2-cp312-cp312-macosx_10_13_universal2.whl", hash = "sha256:9778bd8ab0a994ebf6f84c2b949e65736d5575320a17ae8984a77fab08db94cf"},
    {file = "MarkupSafe-3.0.2-cp312-cp312-macosx_11_0_arm64.whl", hash = "sha256:846ade7b71e3536c4e56b386c2a47adf5741d2d8b94ec9dc3e92e5e1ee1e2225"},
    {file = "MarkupSafe-3.0.2-cp312-cp312-manylinux_2_17_aarch64.manylinux2014_aarch64.whl", hash = "sha256:1c99d261bd2d5f6b59325c92c73df481e05e57f19837bdca8413b9eac4bd8028"},
    {file = "MarkupSafe-3.0.2-cp312-cp312-manylinux_2_17_x86_64.manylinux2014_x86_64.whl", hash = "sha256:e17c96c14e19278594aa4841ec148115f9c7615a47382ecb6b82bd8fea3ab0c8"},
    {file = "MarkupSafe-3.0.2-cp312-cp312-manylinux_2_5_i686.manylinux1_i686.manylinux_2_17_i686.manylinux2014_i686.whl", hash = "sha256:88416bd1e65dcea10bc7569faacb2c20ce071dd1f87539ca2ab364bf6231393c"},
    {file = "MarkupSafe-3.0.2-cp312-cp312-musllinux_1_2_aarch64.whl", hash = "sha256:2181e67807fc2fa785d0592dc2d6206c019b9502410671cc905d132a92866557"},
    {file = "MarkupSafe-3.0.2-cp312-cp312-musllinux_1_2_i686.whl", hash = "sha256:52305740fe773d09cffb16f8ed0427942901f00adedac82ec8b67752f58a1b22"},
    {file = "MarkupSafe-3.0.2-cp312-cp312-musllinux_1_2_x86_64.whl", hash = "sha256:ad10d3ded218f1039f11a75f8091880239651b52e9bb592ca27de44eed242a48"},
    {file = "MarkupSafe-3.0.2-cp312-cp312-win32.whl", hash = "sha256:0f4ca02bea9a23221c0182836703cbf8930c5e9454bacce27e767509fa286a30"},
    {file = "MarkupSafe-3.0.2-cp312-cp312-win_amd64.whl", hash = "sha256:8e06879fc22a25ca47312fbe7c8264eb0b662f6db27cb2d3bbbc74b1df4b9b87"},
    {file = "MarkupSafe-3.0.2-cp313-cp313-macosx_10_13_universal2.whl", hash = "sha256:ba9527cdd4c926ed0760bc301f6728ef34d841f405abf9d4f959c478421e4efd"},
    {file = "MarkupSafe-3.0.2-cp313-cp313-macosx_11_0_arm64.whl", hash = "sha256:f8b3d067f2e40fe93e1ccdd6b2e1d16c43140e76f02fb1319a05cf2b79d99430"},
    {file = "MarkupSafe-3.0.2-cp313-cp313-manylinux_2_17_aarch64.manylinux2014_aarch64.whl", hash = "sha256:569511d3b58c8791ab4c2e1285575265991e6d8f8700c7be0e88f86cb0672094"},
    {file = "MarkupSafe-3.0.2-cp313-cp313-manylinux_2_17_x86_64.manylinux2014_x86_64.whl", hash = "sha256:15ab75ef81add55874e7ab7055e9c397312385bd9ced94920f2802310c930396"},
    {file = "MarkupSafe-3.0.2-cp313-cp313-manylinux_2_5_i686.manylinux1_i686.manylinux_2_17_i686.manylinux2014_i686.whl", hash = "sha256:f3818cb119498c0678015754eba762e0d61e5b52d34c8b13d770f0719f7b1d79"},
    {file = "MarkupSafe-3.0.2-cp313-cp313-musllinux_1_2_aarch64.whl", hash = "sha256:cdb82a876c47801bb54a690c5ae105a46b392ac6099881cdfb9f6e95e4014c6a"},
    {file = "MarkupSafe-3.0.2-cp313-cp313-musllinux_1_2_i686.whl", hash = "sha256:cabc348d87e913db6ab4aa100f01b08f481097838bdddf7c7a84b7575b7309ca"},
    {file = "MarkupSafe-3.0.2-cp313-cp313-musllinux_1_2_x86_64.whl", hash = "sha256:444dcda765c8a838eaae23112db52f1efaf750daddb2d9ca300bcae1039adc5c"},
    {file = "MarkupSafe-3.0.2-cp313-cp313-win32.whl", hash = "sha256:bcf3e58998965654fdaff38e58584d8937aa3096ab5354d493c77d1fdd66d7a1"},
    {file = "MarkupSafe-3.0.2-cp313-cp313-win_amd64.whl", hash = "sha256:e6a2a455bd412959b57a172ce6328d2dd1f01cb2135efda2e4576e8a23fa3b0f"},
    {file = "MarkupSafe-3.0.2-cp313-cp313t-macosx_10_13_universal2.whl", hash = "sha256:b5a6b3ada725cea8a5e634536b1b01c30bcdcd7f9c6fff4151548d5bf6b3a36c"},
    {file = "MarkupSafe-3.0.2-cp313-cp313t-macosx_11_0_arm64.whl", hash = "sha256:a904af0a6162c73e3edcb969eeeb53a63ceeb5d8cf642fade7d39e7963a22ddb"},
    {file = "MarkupSafe-3.0.2-cp313-cp313t-manylinux_2_17_aarch64.manylinux2014_aarch64.whl", hash = "sha256:4aa4e5faecf353ed117801a068ebab7b7e09ffb6e1d5e412dc852e0da018126c"},
    {file = "MarkupSafe-3.0.2-cp313-cp313t-manylinux_2_17_x86_64.manylinux2014_x86_64.whl", hash = "sha256:c0ef13eaeee5b615fb07c9a7dadb38eac06a0608b41570d8ade51c56539e509d"},
    {file = "MarkupSafe-3.0.2-cp313-cp313t-manylinux_2_5_i686.manylinux1_i686.manylinux_2_17_i686.manylinux2014_i686.whl", hash = "sha256:d16a81a06776313e817c951135cf7340a3e91e8c1ff2fac444cfd75fffa04afe"},
    {file = "MarkupSafe-3.0.2-cp313-cp313t-musllinux_1_2_aarch64.whl", hash = "sha256:6381026f158fdb7c72a168278597a5e3a5222e83ea18f543112b2662a9b699c5"},
    {file = "MarkupSafe-3.0.2-cp313-cp313t-musllinux_1_2_i686.whl", hash = "sha256:3d79d162e7be8f996986c064d1c7c817f6df3a77fe3d6859f6f9e7be4b8c213a"},
    {file = "MarkupSafe-3.0.2-cp313-cp313t-musllinux_1_2_x86_64.whl", hash = "sha256:131a3c7689c85f5ad20f9f6fb1b866f402c445b220c19fe4308c0b147ccd2ad9"},
    {file = "MarkupSafe-3.0.2-cp313-cp313t-win32.whl", hash = "sha256:ba8062ed2cf21c07a9e295d5b8a2a5ce678b913b45fdf68c32d95d6c1291e0b6"},
    {file = "MarkupSafe-3.0.2-cp313-cp313t-win_amd64.whl", hash = "sha256:e444a31f8db13eb18ada366ab3cf45fd4b31e4db1236a4448f68778c1d1a5a2f"},
    {file = "MarkupSafe-3.0.2-cp39-cp39-macosx_10_9_universal2.whl", hash = "sha256:eaa0a10b7f72326f1372a713e73c3f739b524b3af41feb43e4921cb529f5929a"},
    {file = "MarkupSafe-3.0.2-cp39-cp39-macosx_11_0_arm64.whl", hash = "sha256:48032821bbdf20f5799ff537c7ac3d1fba0ba032cfc06194faffa8cda8b560ff"},
    {file = "MarkupSafe-3.0.2-cp39-cp39-manylinux_2_17_aarch64.manylinux2014_aarch64.whl", hash = "sha256:1a9d3f5f0901fdec14d8d2f66ef7d035f2157240a433441719ac9a3fba440b13"},
    {file = "MarkupSafe-3.0.2-cp39-cp39-manylinux_2_17_x86_64.manylinux2014_x86_64.whl", hash = "sha256:88b49a3b9ff31e19998750c38e030fc7bb937398b1f78cfa599aaef92d693144"},
    {file = "MarkupSafe-3.0.2-cp39-cp39-manylinux_2_5_i686.manylinux1_i686.manylinux_2_17_i686.manylinux2014_i686.whl", hash = "sha256:cfad01eed2c2e0c01fd0ecd2ef42c492f7f93902e39a42fc9ee1692961443a29"},
    {file = "MarkupSafe-3.0.2-cp39-cp39-musllinux_1_2_aarch64.whl", hash = "sha256:1225beacc926f536dc82e45f8a4d68502949dc67eea90eab715dea3a21c1b5f0"},
    {file = "MarkupSafe-3.0.2-cp39-cp39-musllinux_1_2_i686.whl", hash = "sha256:3169b1eefae027567d1ce6ee7cae382c57fe26e82775f460f0b2778beaad66c0"},
    {file = "MarkupSafe-3.0.2-cp39-cp39-musllinux_1_2_x86_64.whl", hash = "sha256:eb7972a85c54febfb25b5c4b4f3af4dcc731994c7da0d8a0b4a6eb0640e1d178"},
    {file = "MarkupSafe-3.0.2-cp39-cp39-win32.whl", hash = "sha256:8c4e8c3ce11e1f92f6536ff07154f9d49677ebaaafc32db9db4620bc11ed480f"},
    {file = "MarkupSafe-3.0.2-cp39-cp39-win_amd64.whl", hash = "sha256:6e296a513ca3d94054c2c881cc913116e90fd030ad1c656b3869762b754f5f8a"},
    {file = "markupsafe-3.0.2.tar.gz", hash = "sha256:ee55d3edf80167e48ea11a923c7386f4669df67d7994554387f84e7d8b0a2bf0"},
]

[[package]]
name = "msgspec"
version = "0.18.6"
description = "A fast serialization and validation library, with builtin support for JSON, MessagePack, YAML, and TOML."
optional = false
python-versions = ">=3.8"
files = [
    {file = "msgspec-0.18.6-cp310-cp310-macosx_10_9_x86_64.whl", hash = "sha256:77f30b0234eceeff0f651119b9821ce80949b4d667ad38f3bfed0d0ebf9d6d8f"},
    {file = "msgspec-0.18.6-cp310-cp310-macosx_11_0_arm64.whl", hash = "sha256:1a76b60e501b3932782a9da039bd1cd552b7d8dec54ce38332b87136c64852dd"},
    {file = "msgspec-0.18.6-cp310-cp310-manylinux_2_17_aarch64.manylinux2014_aarch64.whl", hash = "sha256:06acbd6edf175bee0e36295d6b0302c6de3aaf61246b46f9549ca0041a9d7177"},
    {file = "msgspec-0.18.6-cp310-cp310-manylinux_2_17_x86_64.manylinux2014_x86_64.whl", hash = "sha256:40a4df891676d9c28a67c2cc39947c33de516335680d1316a89e8f7218660410"},
    {file = "msgspec-0.18.6-cp310-cp310-musllinux_1_1_aarch64.whl", hash = "sha256:a6896f4cd5b4b7d688018805520769a8446df911eb93b421c6c68155cdf9dd5a"},
    {file = "msgspec-0.18.6-cp310-cp310-musllinux_1_1_x86_64.whl", hash = "sha256:3ac4dd63fd5309dd42a8c8c36c1563531069152be7819518be0a9d03be9788e4"},
    {file = "msgspec-0.18.6-cp310-cp310-win_amd64.whl", hash = "sha256:fda4c357145cf0b760000c4ad597e19b53adf01382b711f281720a10a0fe72b7"},
    {file = "msgspec-0.18.6-cp311-cp311-macosx_10_9_x86_64.whl", hash = "sha256:e77e56ffe2701e83a96e35770c6adb655ffc074d530018d1b584a8e635b4f36f"},
    {file = "msgspec-0.18.6-cp311-cp311-macosx_11_0_arm64.whl", hash = "sha256:d5351afb216b743df4b6b147691523697ff3a2fc5f3d54f771e91219f5c23aaa"},
    {file = "msgspec-0.18.6-cp311-cp311-manylinux_2_17_aarch64.manylinux2014_aarch64.whl", hash = "sha256:c3232fabacef86fe8323cecbe99abbc5c02f7698e3f5f2e248e3480b66a3596b"},
    {file = "msgspec-0.18.6-cp311-cp311-manylinux_2_17_x86_64.manylinux2014_x86_64.whl", hash = "sha256:e3b524df6ea9998bbc99ea6ee4d0276a101bcc1aa8d14887bb823914d9f60d07"},
    {file = "msgspec-0.18.6-cp311-cp311-musllinux_1_1_aarch64.whl", hash = "sha256:37f67c1d81272131895bb20d388dd8d341390acd0e192a55ab02d4d6468b434c"},
    {file = "msgspec-0.18.6-cp311-cp311-musllinux_1_1_x86_64.whl", hash = "sha256:d0feb7a03d971c1c0353de1a8fe30bb6579c2dc5ccf29b5f7c7ab01172010492"},
    {file = "msgspec-0.18.6-cp311-cp311-win_amd64.whl", hash = "sha256:41cf758d3f40428c235c0f27bc6f322d43063bc32da7b9643e3f805c21ed57b4"},
    {file = "msgspec-0.18.6-cp312-cp312-macosx_10_9_x86_64.whl", hash = "sha256:d86f5071fe33e19500920333c11e2267a31942d18fed4d9de5bc2fbab267d28c"},
    {file = "msgspec-0.18.6-cp312-cp312-macosx_11_0_arm64.whl", hash = "sha256:ce13981bfa06f5eb126a3a5a38b1976bddb49a36e4f46d8e6edecf33ccf11df1"},
    {file = "msgspec-0.18.6-cp312-cp312-manylinux_2_17_aarch64.manylinux2014_aarch64.whl", hash = "sha256:e97dec6932ad5e3ee1e3c14718638ba333befc45e0661caa57033cd4cc489466"},
    {file = "msgspec-0.18.6-cp312-cp312-manylinux_2_17_x86_64.manylinux2014_x86_64.whl", hash = "sha256:ad237100393f637b297926cae1868b0d500f764ccd2f0623a380e2bcfb2809ca"},
    {file = "msgspec-0.18.6-cp312-cp312-musllinux_1_1_aarch64.whl", hash = "sha256:db1d8626748fa5d29bbd15da58b2d73af25b10aa98abf85aab8028119188ed57"},
    {file = "msgspec-0.18.6-cp312-cp312-musllinux_1_1_x86_64.whl", hash = "sha256:d70cb3d00d9f4de14d0b31d38dfe60c88ae16f3182988246a9861259c6722af6"},
    {file = "msgspec-0.18.6-cp312-cp312-win_amd64.whl", hash = "sha256:1003c20bfe9c6114cc16ea5db9c5466e49fae3d7f5e2e59cb70693190ad34da0"},
    {file = "msgspec-0.18.6-cp38-cp38-macosx_10_9_x86_64.whl", hash = "sha256:f7d9faed6dfff654a9ca7d9b0068456517f63dbc3aa704a527f493b9200b210a"},
    {file = "msgspec-0.18.6-cp38-cp38-macosx_11_0_arm64.whl", hash = "sha256:9da21f804c1a1471f26d32b5d9bc0480450ea77fbb8d9db431463ab64aaac2cf"},
    {file = "msgspec-0.18.6-cp38-cp38-manylinux_2_17_aarch64.manylinux2014_aarch64.whl", hash = "sha256:46eb2f6b22b0e61c137e65795b97dc515860bf6ec761d8fb65fdb62aa094ba61"},
    {file = "msgspec-0.18.6-cp38-cp38-manylinux_2_17_x86_64.manylinux2014_x86_64.whl", hash = "sha256:c8355b55c80ac3e04885d72db515817d9fbb0def3bab936bba104e99ad22cf46"},
    {file = "msgspec-0.18.6-cp38-cp38-musllinux_1_1_aarch64.whl", hash = "sha256:9080eb12b8f59e177bd1eb5c21e24dd2ba2fa88a1dbc9a98e05ad7779b54c681"},
    {file = "msgspec-0.18.6-cp38-cp38-musllinux_1_1_x86_64.whl", hash = "sha256:cc001cf39becf8d2dcd3f413a4797c55009b3a3cdbf78a8bf5a7ca8fdb76032c"},
    {file = "msgspec-0.18.6-cp38-cp38-win_amd64.whl", hash = "sha256:fac5834e14ac4da1fca373753e0c4ec9c8069d1fe5f534fa5208453b6065d5be"},
    {file = "msgspec-0.18.6-cp39-cp39-macosx_10_9_x86_64.whl", hash = "sha256:974d3520fcc6b824a6dedbdf2b411df31a73e6e7414301abac62e6b8d03791b4"},
    {file = "msgspec-0.18.6-cp39-cp39-macosx_11_0_arm64.whl", hash = "sha256:fd62e5818731a66aaa8e9b0a1e5543dc979a46278da01e85c3c9a1a4f047ef7e"},
    {file = "msgspec-0.18.6-cp39-cp39-manylinux_2_17_aarch64.manylinux2014_aarch64.whl", hash = "sha256:7481355a1adcf1f08dedd9311193c674ffb8bf7b79314b4314752b89a2cf7f1c"},
    {file = "msgspec-0.18.6-cp39-cp39-manylinux_2_17_x86_64.manylinux2014_x86_64.whl", hash = "sha256:6aa85198f8f154cf35d6f979998f6dadd3dc46a8a8c714632f53f5d65b315c07"},
    {file = "msgspec-0.18.6-cp39-cp39-musllinux_1_1_aarch64.whl", hash = "sha256:0e24539b25c85c8f0597274f11061c102ad6b0c56af053373ba4629772b407be"},
    {file = "msgspec-0.18.6-cp39-cp39-musllinux_1_1_x86_64.whl", hash = "sha256:c61ee4d3be03ea9cd089f7c8e36158786cd06e51fbb62529276452bbf2d52ece"},
    {file = "msgspec-0.18.6-cp39-cp39-win_amd64.whl", hash = "sha256:b5c390b0b0b7da879520d4ae26044d74aeee5144f83087eb7842ba59c02bc090"},
    {file = "msgspec-0.18.6.tar.gz", hash = "sha256:a59fc3b4fcdb972d09138cb516dbde600c99d07c38fd9372a6ef500d2d031b4e"},
]

[package.extras]
dev = ["attrs", "coverage", "furo", "gcovr", "ipython", "msgpack", "mypy", "pre-commit", "pyright", "pytest", "pyyaml", "sphinx", "sphinx-copybutton", "sphinx-design", "tomli", "tomli-w"]
doc = ["furo", "ipython", "sphinx", "sphinx-copybutton", "sphinx-design"]
test = ["attrs", "msgpack", "mypy", "pyright", "pytest", "pyyaml", "tomli", "tomli-w"]
toml = ["tomli", "tomli-w"]
yaml = ["pyyaml"]

[[package]]
name = "pyasn1"
version = "0.6.1"
description = "Pure-Python implementation of ASN.1 types and DER/BER/CER codecs (X.208)"
optional = false
python-versions = ">=3.8"
files = [
    {file = "pyasn1-0.6.1-py3-none-any.whl", hash = "sha256:0d632f46f2ba09143da3a8afe9e33fb6f92fa2320ab7e886e2d0f7672af84629"},
    {file = "pyasn1-0.6.1.tar.gz", hash = "sha256:6f580d2bdd84365380830acf45550f2511469f673cb4a5ae3857a3170128b034"},
]

[[package]]
name = "python-dotenv"
version = "1.0.1"
description = "Read key-value pairs from a .env file and set them as environment variables"
optional = false
python-versions = ">=3.8"
files = [
    {file = "python-dotenv-1.0.1.tar.gz", hash = "sha256:e324ee90a023d808f1959c46bcbc04446a10ced277783dc6ee09987c37ec10ca"},
    {file = "python_dotenv-1.0.1-py3-none-any.whl", hash = "sha256:f7b63ef50f1b690dddf550d03497b66d609393b40b564ed0d674909a68ebf16a"},
]

[package.extras]
cli = ["click (>=5.0)"]

[[package]]
name = "python-jose"
version = "3.3.0"
description = "JOSE implementation in Python"
optional = false
python-versions = "*"
files = [
    {file = "python-jose-3.3.0.tar.gz", hash = "sha256:55779b5e6ad599c6336191246e95eb2293a9ddebd555f796a65f838f07e5d78a"},
    {file = "python_jose-3.3.0-py2.py3-none-any.whl", hash = "sha256:9b1376b023f8b298536eedd47ae1089bcdb848f1535ab30555cd92002d78923a"},
]

[package.dependencies]
ecdsa = "!=0.15"
pyasn1 = "*"
rsa = "*"

[package.extras]
cryptography = ["cryptography (>=3.4.0)"]
pycrypto = ["pyasn1", "pycrypto (>=2.6.0,<2.7.0)"]
pycryptodome = ["pyasn1", "pycryptodome (>=3.3.1,<4.0.0)"]

[[package]]
name = "rsa"
version = "4.9"
description = "Pure-Python RSA implementation"
optional = false
python-versions = ">=3.6,<4"
files = [
    {file = "rsa-4.9-py3-none-any.whl", hash = "sha256:90260d9058e514786967344d0ef75fa8727eed8a7d2e43ce9f4bcf1b536174f7"},
    {file = "rsa-4.9.tar.gz", hash = "sha256:e38464a49c6c85d7f1351b0126661487a7e0a14a50f1675ec50eb34d4f20ef21"},
]

[package.dependencies]
pyasn1 = ">=0.1.3"

[[package]]
name = "six"
version = "1.17.0"
description = "Python 2 and 3 compatibility utilities"
optional = false
python-versions = "!=3.0.*,!=3.1.*,!=3.2.*,>=2.7"
files = [
    {file = "six-1.17.0-py2.py3-none-any.whl", hash = "sha256:4721f391ed90541fddacab5acf947aa0d3dc7d27b2e1e8eda2be8970586c3274"},
    {file = "six-1.17.0.tar.gz", hash = "sha256:ff70335d468e7eb6ec65b95b99d3a2836546063f63acc5171de367e834932a81"},
]

[[package]]
name = "werkzeug"
version = "3.1.3"
description = "The comprehensive WSGI web application library."
optional = false
python-versions = ">=3.9"
files = [
    {file = "werkzeug-3.1.3-py3-none-any.whl", hash = "sha256:54b78bf3716d19a65be4fceccc0d1d7b89e608834989dfae50ea87564639213e"},
    {file = "werkzeug-3.1.3.tar.gz", hash = "sha256:60723ce945c19328679790e3282cc758aa4a6040e4bb330f53d30fa546d44746"},
]

[package.dependencies]
MarkupSafe = ">=2.1.1"

[package.extras]
watchdog = ["watchdog (>=2.3)"]

[metadata]
lock-version = "2.0"
python-versions = "^3.12"
content-hash = "9c84ce5c155f189edcbb26a484273898950c174392420c6c9cb4cddd89dc3436"
